# This file is automatically @generated by Poetry 1.7.1 and should not be changed by hand.

[[package]]
name = "zodchy"
version = "0.1.2"
description = ""
optional = false
python-versions = "<4.0,>=3.11"
files = [
    {file = "zodchy-0.1.2-py3-none-any.whl", hash = "sha256:5f0fcaf14748397c9cd510fa0157b0a4dbfd7a9c56b74ead97481ff5ea2d8bc2"},
    {file = "zodchy-0.1.2.tar.gz", hash = "sha256:5cb8dc0079ec58c0a838a21c014ab20a1b0e31b54e4574a4acc6a7d8e476ecb6"},
]

[metadata]
lock-version = "2.0"
python-versions = "^3.11"
content-hash = "64ef1e8f985a2f639a54d8fd02cdf52a157a33119d3ec731f624027afbd28fe9"
